
Microsoft Visual Studio Solution File, Format Version 12.00
# Visual Studio Version 17
VisualStudioVersion = 17.3.32825.248
MinimumVisualStudioVersion = 10.0.40219.1
Project("{FAE04EC0-301F-11D3-BF4B-00C04F79EFBC}") = "Mikulas", "Mikulas.csproj", "{A84C21D5-CF2B-44CC-9AB3-01B6DF05A770}"
EndProject
Global
	GlobalSection(SolutionConfigurationPlatforms) = preSolution
		Debug|Any CPU = Debug|Any CPU
		Release|Any CPU = Release|Any CPU
	EndGlobalSection
	GlobalSection(ProjectConfigurationPlatforms) = postSolution
		{A84C21D5-CF2B-44CC-9AB3-01B6DF05A770}.Debug|Any CPU.ActiveCfg = Debug|Any CPU
		{A84C21D5-CF2B-44CC-9AB3-01B6DF05A770}.Debug|Any CPU.Build.0 = Debug|Any CPU
		{A84C21D5-CF2B-44CC-9AB3-01B6DF05A770}.Release|Any CPU.ActiveCfg = Release|Any CPU
		{A84C21D5-CF2B-44CC-9AB3-01B6DF05A770}.Release|Any CPU.Build.0 = Release|Any CPU
	EndGlobalSection
	GlobalSection(SolutionProperties) = preSolution
		HideSolutionNode = FALSE
	EndGlobalSection
	GlobalSection(ExtensibilityGlobals) = postSolution
		SolutionGuid = {5C45F020-7997-468B-8043-206B43BFEB67}
	EndGlobalSection
EndGlobal
