
Microsoft Visual Studio Solution File, Format Version 12.00
# Visual Studio Version 17
VisualStudioVersion = 17.3.32825.248
MinimumVisualStudioVersion = 10.0.40219.1
Project("{FAE04EC0-301F-11D3-BF4B-00C04F79EFBC}") = "Utazasi_Iroda", "Utazasi_Iroda.csproj", "{6A119286-58B8-48D7-88F4-B6DCB8B626EC}"
EndProject
Global
	GlobalSection(SolutionConfigurationPlatforms) = preSolution
		Debug|Any CPU = Debug|Any CPU
		Release|Any CPU = Release|Any CPU
	EndGlobalSection
	GlobalSection(ProjectConfigurationPlatforms) = postSolution
		{6A119286-58B8-48D7-88F4-B6DCB8B626EC}.Debug|Any CPU.ActiveCfg = Debug|Any CPU
		{6A119286-58B8-48D7-88F4-B6DCB8B626EC}.Debug|Any CPU.Build.0 = Debug|Any CPU
		{6A119286-58B8-48D7-88F4-B6DCB8B626EC}.Release|Any CPU.ActiveCfg = Release|Any CPU
		{6A119286-58B8-48D7-88F4-B6DCB8B626EC}.Release|Any CPU.Build.0 = Release|Any CPU
	EndGlobalSection
	GlobalSection(SolutionProperties) = preSolution
		HideSolutionNode = FALSE
	EndGlobalSection
	GlobalSection(ExtensibilityGlobals) = postSolution
		SolutionGuid = {73538F43-ED79-44C8-BE2F-81C76292E123}
	EndGlobalSection
EndGlobal
